# This file is automatically @generated by Cargo.
# It is not intended for manual editing.
version = 4

[[package]]
name = "engine"
version = "0.1.0"
dependencies = [
 "index-core",
]

[[package]]
name = "engine-wasm"
version = "0.1.0"
dependencies = [
 "engine",
 "index-core",
]

[[package]]
name = "index-core"
version = "0.1.0"
